
Microsoft Visual Studio Solution File, Format Version 12.00
# Visual Studio Version 17
VisualStudioVersion = 17.1.32228.430
MinimumVisualStudioVersion = 10.0.40219.1
Project("{8BC9CEB8-8B4A-11D0-8D11-00A0C91BC942}") = "第一个程序", "第一个程序\第一个程序.vcxproj", "{A4FF2BB6-94C8-433A-BA11-2A5E2191597F}"
EndProject
Global
	GlobalSection(SolutionConfigurationPlatforms) = preSolution
		Debug|x64 = Debug|x64
		Debug|x86 = Debug|x86
		Release|x64 = Release|x64
		Release|x86 = Release|x86
	EndGlobalSection
	GlobalSection(ProjectConfigurationPlatforms) = postSolution
		{A4FF2BB6-94C8-433A-BA11-2A5E2191597F}.Debug|x64.ActiveCfg = Debug|x64
		{A4FF2BB6-94C8-433A-BA11-2A5E2191597F}.Debug|x64.Build.0 = Debug|x64
		{A4FF2BB6-94C8-433A-BA11-2A5E2191597F}.Debug|x86.ActiveCfg = Debug|Win32
		{A4FF2BB6-94C8-433A-BA11-2A5E2191597F}.Debug|x86.Build.0 = Debug|Win32
		{A4FF2BB6-94C8-433A-BA11-2A5E2191597F}.Release|x64.ActiveCfg = Release|x64
		{A4FF2BB6-94C8-433A-BA11-2A5E2191597F}.Release|x64.Build.0 = Release|x64
		{A4FF2BB6-94C8-433A-BA11-2A5E2191597F}.Release|x86.ActiveCfg = Release|Win32
		{A4FF2BB6-94C8-433A-BA11-2A5E2191597F}.Release|x86.Build.0 = Release|Win32
	EndGlobalSection
	GlobalSection(SolutionProperties) = preSolution
		HideSolutionNode = FALSE
	EndGlobalSection
	GlobalSection(ExtensibilityGlobals) = postSolution
		SolutionGuid = {993A01E6-A34B-4147-96D5-A8C3230BE7DF}
	EndGlobalSection
EndGlobal
